
Microsoft Visual Studio Solution File, Format Version 12.00
# Visual Studio Version 17
VisualStudioVersion = 17.1.32228.430
MinimumVisualStudioVersion = 10.0.40219.1
Project("{FAE04EC0-301F-11D3-BF4B-00C04F79EFBC}") = "Tema3TAP", "Tema3TAP\Tema3TAP.csproj", "{E337D858-8D88-4E3C-ACDC-A91602FEED57}"
EndProject
Global
	GlobalSection(SolutionConfigurationPlatforms) = preSolution
		Debug|Any CPU = Debug|Any CPU
		Release|Any CPU = Release|Any CPU
	EndGlobalSection
	GlobalSection(ProjectConfigurationPlatforms) = postSolution
		{E337D858-8D88-4E3C-ACDC-A91602FEED57}.Debug|Any CPU.ActiveCfg = Debug|Any CPU
		{E337D858-8D88-4E3C-ACDC-A91602FEED57}.Debug|Any CPU.Build.0 = Debug|Any CPU
		{E337D858-8D88-4E3C-ACDC-A91602FEED57}.Release|Any CPU.ActiveCfg = Release|Any CPU
		{E337D858-8D88-4E3C-ACDC-A91602FEED57}.Release|Any CPU.Build.0 = Release|Any CPU
	EndGlobalSection
	GlobalSection(SolutionProperties) = preSolution
		HideSolutionNode = FALSE
	EndGlobalSection
	GlobalSection(ExtensibilityGlobals) = postSolution
		SolutionGuid = {1F3561D3-DB86-46BC-AD27-99C281A6AA6E}
	EndGlobalSection
EndGlobal
